
Microsoft Visual Studio Solution File, Format Version 12.00
# Visual Studio Version 16
VisualStudioVersion = 16.0.29519.181
MinimumVisualStudioVersion = 10.0.40219.1
Project("{FAE04EC0-301F-11D3-BF4B-00C04F79EFBC}") = "Sample", "Sample\Sample\Sample.csproj", "{2D143D3A-715E-41ED-8D4E-2C30BA8C4759}"
EndProject
Global
	GlobalSection(SolutionConfigurationPlatforms) = preSolution
		Debug|Any CPU = Debug|Any CPU
		Release|Any CPU = Release|Any CPU
	EndGlobalSection
	GlobalSection(ProjectConfigurationPlatforms) = postSolution
		{2D143D3A-715E-41ED-8D4E-2C30BA8C4759}.Debug|Any CPU.ActiveCfg = Debug|Any CPU
		{2D143D3A-715E-41ED-8D4E-2C30BA8C4759}.Debug|Any CPU.Build.0 = Debug|Any CPU
		{2D143D3A-715E-41ED-8D4E-2C30BA8C4759}.Release|Any CPU.ActiveCfg = Release|Any CPU
		{2D143D3A-715E-41ED-8D4E-2C30BA8C4759}.Release|Any CPU.Build.0 = Release|Any CPU
	EndGlobalSection
	GlobalSection(SolutionProperties) = preSolution
		HideSolutionNode = FALSE
	EndGlobalSection
	GlobalSection(ExtensibilityGlobals) = postSolution
		SolutionGuid = {075233DA-4C0D-4D58-8D39-F49FB7F99703}
	EndGlobalSection
EndGlobal
