
Microsoft Visual Studio Solution File, Format Version 12.00
# Visual Studio Version 16
VisualStudioVersion = 16.0.29519.181
MinimumVisualStudioVersion = 10.0.40219.1
Project("{2150E333-8FDC-42A3-9474-1A3956D46DE8}") = "sample", "sample", "{1C10CBF5-5C40-4F8D-A0CA-DB8251E21691}"
EndProject
Project("{2150E333-8FDC-42A3-9474-1A3956D46DE8}") = "src", "src", "{4D041129-F8B8-4772-81DC-A3F47FF55339}"
EndProject
Project("{2150E333-8FDC-42A3-9474-1A3956D46DE8}") = "test", "test", "{E42A950D-4635-4EA0-A96A-E70C29A55D07}"
EndProject
Project("{9A19103F-16F7-4668-BE54-9A1E7A4F7556}") = "MediatR.AspNetCore.Endpoints.Tests", "test\MediatR.AspNetCore.Endpoints.Tests\MediatR.AspNetCore.Endpoints.Tests.csproj", "{100E914E-FBD9-40B0-A614-92AB717786AC}"
EndProject
Project("{9A19103F-16F7-4668-BE54-9A1E7A4F7556}") = "MediatR.AspNetCore.Endpoints.FunctionalTests", "test\MediatR.AspNetCore.Endpoints.FunctionalTests\MediatR.AspNetCore.Endpoints.FunctionalTests.csproj", "{6A8A0B51-1283-4940-A064-43F9944185AD}"
EndProject
Project("{9A19103F-16F7-4668-BE54-9A1E7A4F7556}") = "MediatR.AspNetCore.Endpoints", "src\MediatR.AspNetCore.Endpoints\MediatR.AspNetCore.Endpoints.csproj", "{A6731B4E-8716-4954-A22A-48F4C770BB24}"
EndProject
Project("{9A19103F-16F7-4668-BE54-9A1E7A4F7556}") = "Sample", "sample\Sample.csproj", "{198BBAD6-A051-4E29-9613-ECD1E00D4DC2}"
EndProject
Project("{9A19103F-16F7-4668-BE54-9A1E7A4F7556}") = "Benchmark", "benchmark\Benchmark\Benchmark.csproj", "{1CE188D1-B95D-4173-BD40-8F780689B4EC}"
EndProject
Project("{2150E333-8FDC-42A3-9474-1A3956D46DE8}") = "benchmark", "benchmark", "{305BF753-F8A3-4A9E-B40A-92B5D20834A5}"
EndProject
Project("{2150E333-8FDC-42A3-9474-1A3956D46DE8}") = "Solution Items", "Solution Items", "{47D525E0-84AE-47A3-AE9B-1911EEDE8015}"
	ProjectSection(SolutionItems) = preProject
		src\MediatR.AspNetCore.Endpoints\Package.nuspec = src\MediatR.AspNetCore.Endpoints\Package.nuspec
	EndProjectSection
EndProject
Global
	GlobalSection(SolutionConfigurationPlatforms) = preSolution
		Debug|Any CPU = Debug|Any CPU
		Release|Any CPU = Release|Any CPU
	EndGlobalSection
	GlobalSection(ProjectConfigurationPlatforms) = postSolution
		{100E914E-FBD9-40B0-A614-92AB717786AC}.Debug|Any CPU.ActiveCfg = Debug|Any CPU
		{100E914E-FBD9-40B0-A614-92AB717786AC}.Debug|Any CPU.Build.0 = Debug|Any CPU
		{100E914E-FBD9-40B0-A614-92AB717786AC}.Release|Any CPU.ActiveCfg = Release|Any CPU
		{100E914E-FBD9-40B0-A614-92AB717786AC}.Release|Any CPU.Build.0 = Release|Any CPU
		{6A8A0B51-1283-4940-A064-43F9944185AD}.Debug|Any CPU.ActiveCfg = Debug|Any CPU
		{6A8A0B51-1283-4940-A064-43F9944185AD}.Debug|Any CPU.Build.0 = Debug|Any CPU
		{6A8A0B51-1283-4940-A064-43F9944185AD}.Release|Any CPU.ActiveCfg = Release|Any CPU
		{6A8A0B51-1283-4940-A064-43F9944185AD}.Release|Any CPU.Build.0 = Release|Any CPU
		{A6731B4E-8716-4954-A22A-48F4C770BB24}.Debug|Any CPU.ActiveCfg = Debug|Any CPU
		{A6731B4E-8716-4954-A22A-48F4C770BB24}.Debug|Any CPU.Build.0 = Debug|Any CPU
		{A6731B4E-8716-4954-A22A-48F4C770BB24}.Release|Any CPU.ActiveCfg = Release|Any CPU
		{A6731B4E-8716-4954-A22A-48F4C770BB24}.Release|Any CPU.Build.0 = Release|Any CPU
		{198BBAD6-A051-4E29-9613-ECD1E00D4DC2}.Debug|Any CPU.ActiveCfg = Debug|Any CPU
		{198BBAD6-A051-4E29-9613-ECD1E00D4DC2}.Debug|Any CPU.Build.0 = Debug|Any CPU
		{198BBAD6-A051-4E29-9613-ECD1E00D4DC2}.Release|Any CPU.ActiveCfg = Release|Any CPU
		{198BBAD6-A051-4E29-9613-ECD1E00D4DC2}.Release|Any CPU.Build.0 = Release|Any CPU
		{1CE188D1-B95D-4173-BD40-8F780689B4EC}.Debug|Any CPU.ActiveCfg = Debug|Any CPU
		{1CE188D1-B95D-4173-BD40-8F780689B4EC}.Debug|Any CPU.Build.0 = Debug|Any CPU
		{1CE188D1-B95D-4173-BD40-8F780689B4EC}.Release|Any CPU.ActiveCfg = Release|Any CPU
		{1CE188D1-B95D-4173-BD40-8F780689B4EC}.Release|Any CPU.Build.0 = Release|Any CPU
	EndGlobalSection
	GlobalSection(SolutionProperties) = preSolution
		HideSolutionNode = FALSE
	EndGlobalSection
	GlobalSection(NestedProjects) = preSolution
		{100E914E-FBD9-40B0-A614-92AB717786AC} = {E42A950D-4635-4EA0-A96A-E70C29A55D07}
		{6A8A0B51-1283-4940-A064-43F9944185AD} = {E42A950D-4635-4EA0-A96A-E70C29A55D07}
		{A6731B4E-8716-4954-A22A-48F4C770BB24} = {4D041129-F8B8-4772-81DC-A3F47FF55339}
		{198BBAD6-A051-4E29-9613-ECD1E00D4DC2} = {1C10CBF5-5C40-4F8D-A0CA-DB8251E21691}
		{1CE188D1-B95D-4173-BD40-8F780689B4EC} = {305BF753-F8A3-4A9E-B40A-92B5D20834A5}
	EndGlobalSection
	GlobalSection(ExtensibilityGlobals) = postSolution
		SolutionGuid = {075233DA-4C0D-4D58-8D39-F49FB7F99703}
	EndGlobalSection
EndGlobal
